
Microsoft Visual Studio Solution File, Format Version 12.00
# Visual Studio 15
VisualStudioVersion = 15.0.27703.2047
MinimumVisualStudioVersion = 10.0.40219.1
Project("{FAE04EC0-301F-11D3-BF4B-00C04F79EFBC}") = "Crapto1Sharp", "Crapto1Sharp\Crapto1Sharp.csproj", "{4DED60F1-0935-45FE-9C42-3B1FCC8AA92F}"
EndProject
Global
	GlobalSection(SolutionConfigurationPlatforms) = preSolution
		Debug|Any CPU = Debug|Any CPU
		Release|Any CPU = Release|Any CPU
	EndGlobalSection
	GlobalSection(ProjectConfigurationPlatforms) = postSolution
		{4DED60F1-0935-45FE-9C42-3B1FCC8AA92F}.Debug|Any CPU.ActiveCfg = Debug|Any CPU
		{4DED60F1-0935-45FE-9C42-3B1FCC8AA92F}.Debug|Any CPU.Build.0 = Debug|Any CPU
		{4DED60F1-0935-45FE-9C42-3B1FCC8AA92F}.Release|Any CPU.ActiveCfg = Release|Any CPU
		{4DED60F1-0935-45FE-9C42-3B1FCC8AA92F}.Release|Any CPU.Build.0 = Release|Any CPU
	EndGlobalSection
	GlobalSection(SolutionProperties) = preSolution
		HideSolutionNode = FALSE
	EndGlobalSection
	GlobalSection(ExtensibilityGlobals) = postSolution
		SolutionGuid = {C6AA5014-C7CA-4BCC-873D-5AA2EB859562}
	EndGlobalSection
EndGlobal
